
Microsoft Visual Studio Solution File, Format Version 12.00
# Visual Studio 15
VisualStudioVersion = 15.0.28307.645
MinimumVisualStudioVersion = 10.0.40219.1
Project("{9A19103F-16F7-4668-BE54-9A1E7A4F7556}") = "DEV.API", "DEV.API\DEV.API.csproj", "{4D5443CB-F27A-4A92-8359-A792341A148D}"
EndProject
Project("{2150E333-8FDC-42A3-9474-1A3956D46DE8}") = "Solution Items", "Solution Items", "{B9286C8E-7FF0-4643-858F-A276074CAAE9}"
	ProjectSection(SolutionItems) = preProject
		.dockerignore = .dockerignore
		.gitignore = .gitignore
		LICENSE = LICENSE
		README.md = README.md
	EndProjectSection
EndProject
Project("{2150E333-8FDC-42A3-9474-1A3956D46DE8}") = "Src", "Src", "{4C8636EF-9D51-463C-8034-3E952E1B3C6E}"
EndProject
Project("{2150E333-8FDC-42A3-9474-1A3956D46DE8}") = "Common", "Common", "{7947B1D7-1248-4AAC-81D7-95EE00AEFC57}"
EndProject
Project("{2150E333-8FDC-42A3-9474-1A3956D46DE8}") = "Presentation", "Presentation", "{26E35278-528C-453C-A030-84A9157947C8}"
EndProject
Project("{2150E333-8FDC-42A3-9474-1A3956D46DE8}") = "Core", "Core", "{C41DA2F2-4EEC-4B84-ADC3-856FCEFC7F92}"
EndProject
Project("{2150E333-8FDC-42A3-9474-1A3956D46DE8}") = "Infrastructure", "Infrastructure", "{E814F561-D151-456E-B8F6-C073E002B2D4}"
EndProject
Project("{2150E333-8FDC-42A3-9474-1A3956D46DE8}") = "Tests", "Tests", "{C0DE0DDC-5367-40DE-992B-2D476EF9F2DB}"
EndProject
Project("{2150E333-8FDC-42A3-9474-1A3956D46DE8}") = "Application", "Application", "{3A6639F7-7F15-41F6-B3AD-022D5F671C22}"
EndProject
Project("{2150E333-8FDC-42A3-9474-1A3956D46DE8}") = "Persistence", "Persistence", "{E5FFBE9D-0A6B-448C-8489-F3805C891405}"
EndProject
Project("{2150E333-8FDC-42A3-9474-1A3956D46DE8}") = "Domain", "Domain", "{FA1793D4-1B3B-4A86-A10F-B26F2DE8B097}"
EndProject
Project("{9A19103F-16F7-4668-BE54-9A1E7A4F7556}") = "DEV.Application", "DEV.Application\DEV.Application.csproj", "{ACA2BD65-B8E5-4ECC-8E3D-367ACB315178}"
EndProject
Project("{9A19103F-16F7-4668-BE54-9A1E7A4F7556}") = "DEV.Domain", "DEV.Domain\DEV.Domain.csproj", "{62F262D9-875E-43A3-8276-C4152E48C681}"
EndProject
Project("{9A19103F-16F7-4668-BE54-9A1E7A4F7556}") = "DEV.Persistence", "DEV.Persistence\DEV.Persistence.csproj", "{9662777D-0147-4E0C-9982-DFA4B880E0DC}"
EndProject
Global
	GlobalSection(SolutionConfigurationPlatforms) = preSolution
		Debug|Any CPU = Debug|Any CPU
		Release|Any CPU = Release|Any CPU
	EndGlobalSection
	GlobalSection(ProjectConfigurationPlatforms) = postSolution
		{4D5443CB-F27A-4A92-8359-A792341A148D}.Debug|Any CPU.ActiveCfg = Debug|Any CPU
		{4D5443CB-F27A-4A92-8359-A792341A148D}.Debug|Any CPU.Build.0 = Debug|Any CPU
		{4D5443CB-F27A-4A92-8359-A792341A148D}.Release|Any CPU.ActiveCfg = Release|Any CPU
		{4D5443CB-F27A-4A92-8359-A792341A148D}.Release|Any CPU.Build.0 = Release|Any CPU
		{ACA2BD65-B8E5-4ECC-8E3D-367ACB315178}.Debug|Any CPU.ActiveCfg = Debug|Any CPU
		{ACA2BD65-B8E5-4ECC-8E3D-367ACB315178}.Debug|Any CPU.Build.0 = Debug|Any CPU
		{ACA2BD65-B8E5-4ECC-8E3D-367ACB315178}.Release|Any CPU.ActiveCfg = Release|Any CPU
		{ACA2BD65-B8E5-4ECC-8E3D-367ACB315178}.Release|Any CPU.Build.0 = Release|Any CPU
		{62F262D9-875E-43A3-8276-C4152E48C681}.Debug|Any CPU.ActiveCfg = Debug|Any CPU
		{62F262D9-875E-43A3-8276-C4152E48C681}.Debug|Any CPU.Build.0 = Debug|Any CPU
		{62F262D9-875E-43A3-8276-C4152E48C681}.Release|Any CPU.ActiveCfg = Release|Any CPU
		{62F262D9-875E-43A3-8276-C4152E48C681}.Release|Any CPU.Build.0 = Release|Any CPU
		{9662777D-0147-4E0C-9982-DFA4B880E0DC}.Debug|Any CPU.ActiveCfg = Debug|Any CPU
		{9662777D-0147-4E0C-9982-DFA4B880E0DC}.Debug|Any CPU.Build.0 = Debug|Any CPU
		{9662777D-0147-4E0C-9982-DFA4B880E0DC}.Release|Any CPU.ActiveCfg = Release|Any CPU
		{9662777D-0147-4E0C-9982-DFA4B880E0DC}.Release|Any CPU.Build.0 = Release|Any CPU
	EndGlobalSection
	GlobalSection(SolutionProperties) = preSolution
		HideSolutionNode = FALSE
	EndGlobalSection
	GlobalSection(NestedProjects) = preSolution
		{4D5443CB-F27A-4A92-8359-A792341A148D} = {26E35278-528C-453C-A030-84A9157947C8}
		{7947B1D7-1248-4AAC-81D7-95EE00AEFC57} = {4C8636EF-9D51-463C-8034-3E952E1B3C6E}
		{26E35278-528C-453C-A030-84A9157947C8} = {4C8636EF-9D51-463C-8034-3E952E1B3C6E}
		{C41DA2F2-4EEC-4B84-ADC3-856FCEFC7F92} = {4C8636EF-9D51-463C-8034-3E952E1B3C6E}
		{E814F561-D151-456E-B8F6-C073E002B2D4} = {4C8636EF-9D51-463C-8034-3E952E1B3C6E}
		{3A6639F7-7F15-41F6-B3AD-022D5F671C22} = {C41DA2F2-4EEC-4B84-ADC3-856FCEFC7F92}
		{E5FFBE9D-0A6B-448C-8489-F3805C891405} = {E814F561-D151-456E-B8F6-C073E002B2D4}
		{FA1793D4-1B3B-4A86-A10F-B26F2DE8B097} = {C41DA2F2-4EEC-4B84-ADC3-856FCEFC7F92}
		{ACA2BD65-B8E5-4ECC-8E3D-367ACB315178} = {3A6639F7-7F15-41F6-B3AD-022D5F671C22}
		{62F262D9-875E-43A3-8276-C4152E48C681} = {FA1793D4-1B3B-4A86-A10F-B26F2DE8B097}
		{9662777D-0147-4E0C-9982-DFA4B880E0DC} = {E5FFBE9D-0A6B-448C-8489-F3805C891405}
	EndGlobalSection
	GlobalSection(ExtensibilityGlobals) = postSolution
		SolutionGuid = {EB7266A4-596D-4225-8417-E696B93CA761}
	EndGlobalSection
EndGlobal
